
Microsoft Visual Studio Solution File, Format Version 12.00
# Visual Studio Version 17
VisualStudioVersion = 17.10.35013.160
MinimumVisualStudioVersion = 10.0.40219.1
Project("{FAE04EC0-301F-11D3-BF4B-00C04F79EFBC}") = "HandleOS_Benchmark", "HandleOS_Benchmark\HandleOS_Benchmark.csproj", "{9B199FC5-A40B-4235-91EC-6352C0C74CFF}"
EndProject
Global
	GlobalSection(SolutionConfigurationPlatforms) = preSolution
		Debug|Any CPU = Debug|Any CPU
		Release|Any CPU = Release|Any CPU
	EndGlobalSection
	GlobalSection(ProjectConfigurationPlatforms) = postSolution
		{9B199FC5-A40B-4235-91EC-6352C0C74CFF}.Debug|Any CPU.ActiveCfg = Debug|Any CPU
		{9B199FC5-A40B-4235-91EC-6352C0C74CFF}.Debug|Any CPU.Build.0 = Debug|Any CPU
		{9B199FC5-A40B-4235-91EC-6352C0C74CFF}.Release|Any CPU.ActiveCfg = Release|Any CPU
		{9B199FC5-A40B-4235-91EC-6352C0C74CFF}.Release|Any CPU.Build.0 = Release|Any CPU
	EndGlobalSection
	GlobalSection(SolutionProperties) = preSolution
		HideSolutionNode = FALSE
	EndGlobalSection
	GlobalSection(ExtensibilityGlobals) = postSolution
		SolutionGuid = {50AF6B8B-3AD4-4426-9FF7-CB4ED6B57668}
	EndGlobalSection
EndGlobal
